{
  "name": "Val-Lock",
  "lockfileVersion": 3,
  "requires": true,
  "packages": {
    "": {
      "dependencies": {
        "node-run-cmd": "^1.0.1"
      }
    },
    "node_modules/node-run-cmd": {
      "version": "1.0.1",
      "resolved": "https://registry.npmjs.org/node-run-cmd/-/node-run-cmd-1.0.1.tgz",
      "integrity": "sha512-OUePfObrxlzQa3NE9QFUGgyPvTi81/fV41gwSU+HE4tZ7sEHiRC+O88gjw68WXp7BSj9uWjEbdEv4ei0117ffA=="
    }
  }
}
